// !$*UTF8*$!
{
	archiveVersion = 1;
	classes = {
	};
	objectVersion = 56;
	objects = {

/* Begin PBXBuildFile section */
		5E042A592BBC092300658D9F /* eStoreApp.swift in Sources */ = {isa = PBXBuildFile; fileRef = 5E042A582BBC092300658D9F /* eStoreApp.swift */; };
		5E042A5B2BBC092300658D9F /* ContentView.swift in Sources */ = {isa = PBXBuildFile; fileRef = 5E042A5A2BBC092300658D9F /* ContentView.swift */; };
		5E042A5D2BBC092500658D9F /* Assets.xcassets in Resources */ = {isa = PBXBuildFile; fileRef = 5E042A5C2BBC092500658D9F /* Assets.xcassets */; };
		5E042A602BBC092500658D9F /* Preview Assets.xcassets in Resources */ = {isa = PBXBuildFile; fileRef = 5E042A5F2BBC092500658D9F /* Preview Assets.xcassets */; };
		5E042A702BBC296B00658D9F /* User.swift in Sources */ = {isa = PBXBuildFile; fileRef = 5E042A6F2BBC296B00658D9F /* User.swift */; };
		5E99CC5C2BDB93ED00821C7F /* AuthViewModel.swift in Sources */ = {isa = PBXBuildFile; fileRef = 5E99CC5B2BDB93ED00821C7F /* AuthViewModel.swift */; };
		5E99CC5E2BDB95E300821C7F /* RegisterView.swift in Sources */ = {isa = PBXBuildFile; fileRef = 5E99CC5D2BDB95E300821C7F /* RegisterView.swift */; };
		5E99CC602BDB9F0900821C7F /* UserAPIService.swift in Sources */ = {isa = PBXBuildFile; fileRef = 5E99CC5F2BDB9F0900821C7F /* UserAPIService.swift */; };
		5E99CC622BDB9FEE00821C7F /* UsersViewModel.swift in Sources */ = {isa = PBXBuildFile; fileRef = 5E99CC612BDB9FEE00821C7F /* UsersViewModel.swift */; };
		5E99CC642BDBA15000821C7F /* ErrorMessage.swift in Sources */ = {isa = PBXBuildFile; fileRef = 5E99CC632BDBA15000821C7F /* ErrorMessage.swift */; };
		5E99CC672BDBA31500821C7F /* UserRowView.swift in Sources */ = {isa = PBXBuildFile; fileRef = 5E99CC662BDBA31500821C7F /* UserRowView.swift */; };
		5E99CC692BDBA8DB00821C7F /* UsersListView.swift in Sources */ = {isa = PBXBuildFile; fileRef = 5E99CC682BDBA8DB00821C7F /* UsersListView.swift */; };
		5EB5E6352BC479F0002D206D /* Constant.swift in Sources */ = {isa = PBXBuildFile; fileRef = 5EB5E6342BC479F0002D206D /* Constant.swift */; };
		5EB5E6372BC541CF002D206D /* AuthService.swift in Sources */ = {isa = PBXBuildFile; fileRef = 5EB5E6362BC541CF002D206D /* AuthService.swift */; };
		5EFFACC82BE22D1E00B074AF /* Category.swift in Sources */ = {isa = PBXBuildFile; fileRef = 5EFFACC72BE22D1E00B074AF /* Category.swift */; };
		5EFFACCB2BE22E5500B074AF /* Product.swift in Sources */ = {isa = PBXBuildFile; fileRef = 5EFFACCA2BE22E5500B074AF /* Product.swift */; };
		5EFFACCD2BE232A800B074AF /* ProductAPIService.swift in Sources */ = {isa = PBXBuildFile; fileRef = 5EFFACCC2BE232A800B074AF /* ProductAPIService.swift */; };
		5EFFACCF2BE233B000B074AF /* NetworkService.swift in Sources */ = {isa = PBXBuildFile; fileRef = 5EFFACCE2BE233B000B074AF /* NetworkService.swift */; };
/* End PBXBuildFile section */

/* Begin PBXFileReference section */
		5E042A552BBC092300658D9F /* eStore.app */ = {isa = PBXFileReference; explicitFileType = wrapper.application; includeInIndex = 0; path = eStore.app; sourceTree = BUILT_PRODUCTS_DIR; };
		5E042A582BBC092300658D9F /* eStoreApp.swift */ = {isa = PBXFileReference; lastKnownFileType = sourcecode.swift; path = eStoreApp.swift; sourceTree = "<group>"; };
		5E042A5A2BBC092300658D9F /* ContentView.swift */ = {isa = PBXFileReference; lastKnownFileType = sourcecode.swift; path = ContentView.swift; sourceTree = "<group>"; };
		5E042A5C2BBC092500658D9F /* Assets.xcassets */ = {isa = PBXFileReference; lastKnownFileType = folder.assetcatalog; path = Assets.xcassets; sourceTree = "<group>"; };
		5E042A5F2BBC092500658D9F /* Preview Assets.xcassets */ = {isa = PBXFileReference; lastKnownFileType = folder.assetcatalog; path = "Preview Assets.xcassets"; sourceTree = "<group>"; };
		5E042A6F2BBC296B00658D9F /* User.swift */ = {isa = PBXFileReference; lastKnownFileType = sourcecode.swift; path = User.swift; sourceTree = "<group>"; };
		5E99CC5B2BDB93ED00821C7F /* AuthViewModel.swift */ = {isa = PBXFileReference; lastKnownFileType = sourcecode.swift; path = AuthViewModel.swift; sourceTree = "<group>"; };
		5E99CC5D2BDB95E300821C7F /* RegisterView.swift */ = {isa = PBXFileReference; lastKnownFileType = sourcecode.swift; path = RegisterView.swift; sourceTree = "<group>"; };
		5E99CC5F2BDB9F0900821C7F /* UserAPIService.swift */ = {isa = PBXFileReference; lastKnownFileType = sourcecode.swift; path = UserAPIService.swift; sourceTree = "<group>"; };
		5E99CC612BDB9FEE00821C7F /* UsersViewModel.swift */ = {isa = PBXFileReference; lastKnownFileType = sourcecode.swift; path = UsersViewModel.swift; sourceTree = "<group>"; };
		5E99CC632BDBA15000821C7F /* ErrorMessage.swift */ = {isa = PBXFileReference; lastKnownFileType = sourcecode.swift; path = ErrorMessage.swift; sourceTree = "<group>"; };
		5E99CC662BDBA31500821C7F /* UserRowView.swift */ = {isa = PBXFileReference; lastKnownFileType = sourcecode.swift; path = UserRowView.swift; sourceTree = "<group>"; };
		5E99CC682BDBA8DB00821C7F /* UsersListView.swift */ = {isa = PBXFileReference; lastKnownFileType = sourcecode.swift; path = UsersListView.swift; sourceTree = "<group>"; };
		5EB5E6342BC479F0002D206D /* Constant.swift */ = {isa = PBXFileReference; lastKnownFileType = sourcecode.swift; path = Constant.swift; sourceTree = "<group>"; };
		5EB5E6362BC541CF002D206D /* AuthService.swift */ = {isa = PBXFileReference; lastKnownFileType = sourcecode.swift; path = AuthService.swift; sourceTree = "<group>"; };
		5EFFACC72BE22D1E00B074AF /* Category.swift */ = {isa = PBXFileReference; lastKnownFileType = sourcecode.swift; path = Category.swift; sourceTree = "<group>"; };
		5EFFACCA2BE22E5500B074AF /* Product.swift */ = {isa = PBXFileReference; lastKnownFileType = sourcecode.swift; path = Product.swift; sourceTree = "<group>"; };
		5EFFACCC2BE232A800B074AF /* ProductAPIService.swift */ = {isa = PBXFileReference; lastKnownFileType = sourcecode.swift; path = ProductAPIService.swift; sourceTree = "<group>"; };
		5EFFACCE2BE233B000B074AF /* NetworkService.swift */ = {isa = PBXFileReference; lastKnownFileType = sourcecode.swift; path = NetworkService.swift; sourceTree = "<group>"; };
/* End PBXFileReference section */

/* Begin PBXFrameworksBuildPhase section */
		5E042A522BBC092300658D9F /* Frameworks */ = {
			isa = PBXFrameworksBuildPhase;
			buildActionMask = 2147483647;
			files = (
			);
			runOnlyForDeploymentPostprocessing = 0;
		};
/* End PBXFrameworksBuildPhase section */

/* Begin PBXGroup section */
		5E042A4C2BBC092300658D9F = {
			isa = PBXGroup;
			children = (
				5E042A572BBC092300658D9F /* eStore */,
				5E042A562BBC092300658D9F /* Products */,
			);
			sourceTree = "<group>";
		};
		5E042A562BBC092300658D9F /* Products */ = {
			isa = PBXGroup;
			children = (
				5E042A552BBC092300658D9F /* eStore.app */,
			);
			name = Products;
			sourceTree = "<group>";
		};
		5E042A572BBC092300658D9F /* eStore */ = {
			isa = PBXGroup;
			children = (
				5E042A662BBC093600658D9F /* App */,
				5E042A692BBC096600658D9F /* Helper */,
				5E042A6A2BBC096C00658D9F /* Modules */,
				5E042A5E2BBC092500658D9F /* Preview Content */,
				5E042A672BBC093C00658D9F /* Resources */,
				5E042A682BBC095800658D9F /* Services */,
			);
			path = eStore;
			sourceTree = "<group>";
		};
		5E042A5E2BBC092500658D9F /* Preview Content */ = {
			isa = PBXGroup;
			children = (
				5E042A5F2BBC092500658D9F /* Preview Assets.xcassets */,
			);
			path = "Preview Content";
			sourceTree = "<group>";
		};
		5E042A662BBC093600658D9F /* App */ = {
			isa = PBXGroup;
			children = (
				5E042A582BBC092300658D9F /* eStoreApp.swift */,
				5E042A5A2BBC092300658D9F /* ContentView.swift */,
			);
			path = App;
			sourceTree = "<group>";
		};
		5E042A672BBC093C00658D9F /* Resources */ = {
			isa = PBXGroup;
			children = (
				5E042A5C2BBC092500658D9F /* Assets.xcassets */,
			);
			path = Resources;
			sourceTree = "<group>";
		};
		5E042A682BBC095800658D9F /* Services */ = {
			isa = PBXGroup;
			children = (
				5EB5E6362BC541CF002D206D /* AuthService.swift */,
				5EFFACCC2BE232A800B074AF /* ProductAPIService.swift */,
				5E99CC5F2BDB9F0900821C7F /* UserAPIService.swift */,
			);
			path = Services;
			sourceTree = "<group>";
		};
		5E042A692BBC096600658D9F /* Helper */ = {
			isa = PBXGroup;
			children = (
				5EB5E6342BC479F0002D206D /* Constant.swift */,
				5E99CC632BDBA15000821C7F /* ErrorMessage.swift */,
				5EFFACCE2BE233B000B074AF /* NetworkService.swift */,
			);
			path = Helper;
			sourceTree = "<group>";
		};
		5E042A6A2BBC096C00658D9F /* Modules */ = {
			isa = PBXGroup;
			children = (
				5EFFACC32BE22CE400B074AF /* Products */,
				5EFFACC22BE22C9600B074AF /* Categories */,
				5E042A6B2BBC292800658D9F /* Users */,
			);
			path = Modules;
			sourceTree = "<group>";
		};
		5E042A6B2BBC292800658D9F /* Users */ = {
			isa = PBXGroup;
			children = (
				5E042A6D2BBC293700658D9F /* Model */,
				5E99CC652BDBA30000821C7F /* Subview */,
				5E042A6C2BBC293100658D9F /* View */,
				5E042A6E2BBC293B00658D9F /* ViewModel */,
			);
			path = Users;
			sourceTree = "<group>";
		};
		5E042A6C2BBC293100658D9F /* View */ = {
			isa = PBXGroup;
			children = (
				5E99CC5D2BDB95E300821C7F /* RegisterView.swift */,
				5E99CC682BDBA8DB00821C7F /* UsersListView.swift */,
			);
			path = View;
			sourceTree = "<group>";
		};
		5E042A6D2BBC293700658D9F /* Model */ = {
			isa = PBXGroup;
			children = (
				5E042A6F2BBC296B00658D9F /* User.swift */,
			);
			path = Model;
			sourceTree = "<group>";
		};
		5E042A6E2BBC293B00658D9F /* ViewModel */ = {
			isa = PBXGroup;
			children = (
				5E99CC5B2BDB93ED00821C7F /* AuthViewModel.swift */,
				5E99CC612BDB9FEE00821C7F /* UsersViewModel.swift */,
			);
			path = ViewModel;
			sourceTree = "<group>";
		};
		5E99CC652BDBA30000821C7F /* Subview */ = {
			isa = PBXGroup;
			children = (
				5E99CC662BDBA31500821C7F /* UserRowView.swift */,
			);
			path = Subview;
			sourceTree = "<group>";
		};
		5EFFACC22BE22C9600B074AF /* Categories */ = {
			isa = PBXGroup;
			children = (
				5EFFACC42BE22D0200B074AF /* Model */,
				5EFFACC62BE22D0C00B074AF /* ViewModel */,
				5EFFACC52BE22D0700B074AF /* Views */,
			);
			path = Categories;
			sourceTree = "<group>";
		};
		5EFFACC32BE22CE400B074AF /* Products */ = {
			isa = PBXGroup;
			children = (
				5EFFACC92BE22E4900B074AF /* Model */,
			);
			path = Products;
			sourceTree = "<group>";
		};
		5EFFACC42BE22D0200B074AF /* Model */ = {
			isa = PBXGroup;
			children = (
				5EFFACC72BE22D1E00B074AF /* Category.swift */,
			);
			path = Model;
			sourceTree = "<group>";
		};
		5EFFACC52BE22D0700B074AF /* Views */ = {
			isa = PBXGroup;
			children = (
			);
			path = Views;
			sourceTree = "<group>";
		};
		5EFFACC62BE22D0C00B074AF /* ViewModel */ = {
			isa = PBXGroup;
			children = (
			);
			path = ViewModel;
			sourceTree = "<group>";
		};
		5EFFACC92BE22E4900B074AF /* Model */ = {
			isa = PBXGroup;
			children = (
				5EFFACCA2BE22E5500B074AF /* Product.swift */,
			);
			path = Model;
			sourceTree = "<group>";
		};
/* End PBXGroup section */

/* Begin PBXNativeTarget section */
		5E042A542BBC092300658D9F /* eStore */ = {
			isa = PBXNativeTarget;
			buildConfigurationList = 5E042A632BBC092500658D9F /* Build configuration list for PBXNativeTarget "eStore" */;
			buildPhases = (
				5E042A512BBC092300658D9F /* Sources */,
				5E042A522BBC092300658D9F /* Frameworks */,
				5E042A532BBC092300658D9F /* Resources */,
			);
			buildRules = (
			);
			dependencies = (
			);
			name = eStore;
			productName = eStore;
			productReference = 5E042A552BBC092300658D9F /* eStore.app */;
			productType = "com.apple.product-type.application";
		};
/* End PBXNativeTarget section */

/* Begin PBXProject section */
		5E042A4D2BBC092300658D9F /* Project object */ = {
			isa = PBXProject;
			attributes = {
				BuildIndependentTargetsInParallel = 1;
				LastSwiftUpdateCheck = 1500;
				LastUpgradeCheck = 1500;
				TargetAttributes = {
					5E042A542BBC092300658D9F = {
						CreatedOnToolsVersion = 15.0.1;
					};
				};
			};
			buildConfigurationList = 5E042A502BBC092300658D9F /* Build configuration list for PBXProject "eStore" */;
			compatibilityVersion = "Xcode 14.0";
			developmentRegion = en;
			hasScannedForEncodings = 0;
			knownRegions = (
				en,
				Base,
			);
			mainGroup = 5E042A4C2BBC092300658D9F;
			productRefGroup = 5E042A562BBC092300658D9F /* Products */;
			projectDirPath = "";
			projectRoot = "";
			targets = (
				5E042A542BBC092300658D9F /* eStore */,
			);
		};
/* End PBXProject section */

/* Begin PBXResourcesBuildPhase section */
		5E042A532BBC092300658D9F /* Resources */ = {
			isa = PBXResourcesBuildPhase;
			buildActionMask = 2147483647;
			files = (
				5E042A602BBC092500658D9F /* Preview Assets.xcassets in Resources */,
				5E042A5D2BBC092500658D9F /* Assets.xcassets in Resources */,
			);
			runOnlyForDeploymentPostprocessing = 0;
		};
/* End PBXResourcesBuildPhase section */

/* Begin PBXSourcesBuildPhase section */
		5E042A512BBC092300658D9F /* Sources */ = {
			isa = PBXSourcesBuildPhase;
			buildActionMask = 2147483647;
			files = (
				5E042A5B2BBC092300658D9F /* ContentView.swift in Sources */,
				5E042A592BBC092300658D9F /* eStoreApp.swift in Sources */,
				5E99CC642BDBA15000821C7F /* ErrorMessage.swift in Sources */,
				5E99CC5C2BDB93ED00821C7F /* AuthViewModel.swift in Sources */,
				5E99CC5E2BDB95E300821C7F /* RegisterView.swift in Sources */,
				5EB5E6372BC541CF002D206D /* AuthService.swift in Sources */,
				5E042A702BBC296B00658D9F /* User.swift in Sources */,
				5E99CC692BDBA8DB00821C7F /* UsersListView.swift in Sources */,
				5E99CC602BDB9F0900821C7F /* UserAPIService.swift in Sources */,
				5EFFACC82BE22D1E00B074AF /* Category.swift in Sources */,
				5EFFACCF2BE233B000B074AF /* NetworkService.swift in Sources */,
				5E99CC672BDBA31500821C7F /* UserRowView.swift in Sources */,
				5E99CC622BDB9FEE00821C7F /* UsersViewModel.swift in Sources */,
				5EB5E6352BC479F0002D206D /* Constant.swift in Sources */,
				5EFFACCB2BE22E5500B074AF /* Product.swift in Sources */,
				5EFFACCD2BE232A800B074AF /* ProductAPIService.swift in Sources */,
			);
			runOnlyForDeploymentPostprocessing = 0;
		};
/* End PBXSourcesBuildPhase section */

/* Begin XCBuildConfiguration section */
		5E042A612BBC092500658D9F /* Debug */ = {
			isa = XCBuildConfiguration;
			buildSettings = {
				ALWAYS_SEARCH_USER_PATHS = NO;
				ASSETCATALOG_COMPILER_GENERATE_SWIFT_ASSET_SYMBOL_EXTENSIONS = YES;
				CLANG_ANALYZER_NONNULL = YES;
				CLANG_ANALYZER_NUMBER_OBJECT_CONVERSION = YES_AGGRESSIVE;
				CLANG_CXX_LANGUAGE_STANDARD = "gnu++20";
				CLANG_ENABLE_MODULES = YES;
				CLANG_ENABLE_OBJC_ARC = YES;
				CLANG_ENABLE_OBJC_WEAK = YES;
				CLANG_WARN_BLOCK_CAPTURE_AUTORELEASING = YES;
				CLANG_WARN_BOOL_CONVERSION = YES;
				CLANG_WARN_COMMA = YES;
				CLANG_WARN_CONSTANT_CONVERSION = YES;
				CLANG_WARN_DEPRECATED_OBJC_IMPLEMENTATIONS = YES;
				CLANG_WARN_DIRECT_OBJC_ISA_USAGE = YES_ERROR;
				CLANG_WARN_DOCUMENTATION_COMMENTS = YES;
				CLANG_WARN_EMPTY_BODY = YES;
				CLANG_WARN_ENUM_CONVERSION = YES;
				CLANG_WARN_INFINITE_RECURSION = YES;
				CLANG_WARN_INT_CONVERSION = YES;
				CLANG_WARN_NON_LITERAL_NULL_CONVERSION = YES;
				CLANG_WARN_OBJC_IMPLICIT_RETAIN_SELF = YES;
				CLANG_WARN_OBJC_LITERAL_CONVERSION = YES;
				CLANG_WARN_OBJC_ROOT_CLASS = YES_ERROR;
				CLANG_WARN_QUOTED_INCLUDE_IN_FRAMEWORK_HEADER = YES;
				CLANG_WARN_RANGE_LOOP_ANALYSIS = YES;
				CLANG_WARN_STRICT_PROTOTYPES = YES;
				CLANG_WARN_SUSPICIOUS_MOVE = YES;
				CLANG_WARN_UNGUARDED_AVAILABILITY = YES_AGGRESSIVE;
				CLANG_WARN_UNREACHABLE_CODE = YES;
				CLANG_WARN__DUPLICATE_METHOD_MATCH = YES;
				COPY_PHASE_STRIP = NO;
				DEBUG_INFORMATION_FORMAT = dwarf;
				ENABLE_STRICT_OBJC_MSGSEND = YES;
				ENABLE_TESTABILITY = YES;
				ENABLE_USER_SCRIPT_SANDBOXING = YES;
				GCC_C_LANGUAGE_STANDARD = gnu17;
				GCC_DYNAMIC_NO_PIC = NO;
				GCC_NO_COMMON_BLOCKS = YES;
				GCC_OPTIMIZATION_LEVEL = 0;
				GCC_PREPROCESSOR_DEFINITIONS = (
					"DEBUG=1",
					"$(inherited)",
				);
				GCC_WARN_64_TO_32_BIT_CONVERSION = YES;
				GCC_WARN_ABOUT_RETURN_TYPE = YES_ERROR;
				GCC_WARN_UNDECLARED_SELECTOR = YES;
				GCC_WARN_UNINITIALIZED_AUTOS = YES_AGGRESSIVE;
				GCC_WARN_UNUSED_FUNCTION = YES;
				GCC_WARN_UNUSED_VARIABLE = YES;
				IPHONEOS_DEPLOYMENT_TARGET = 17.0;
				LOCALIZATION_PREFERS_STRING_CATALOGS = YES;
				MTL_ENABLE_DEBUG_INFO = INCLUDE_SOURCE;
				MTL_FAST_MATH = YES;
				ONLY_ACTIVE_ARCH = YES;
				SDKROOT = iphoneos;
				SWIFT_ACTIVE_COMPILATION_CONDITIONS = "DEBUG $(inherited)";
				SWIFT_OPTIMIZATION_LEVEL = "-Onone";
			};
			name = Debug;
		};
		5E042A622BBC092500658D9F /* Release */ = {
			isa = XCBuildConfiguration;
			buildSettings = {
				ALWAYS_SEARCH_USER_PATHS = NO;
				ASSETCATALOG_COMPILER_GENERATE_SWIFT_ASSET_SYMBOL_EXTENSIONS = YES;
				CLANG_ANALYZER_NONNULL = YES;
				CLANG_ANALYZER_NUMBER_OBJECT_CONVERSION = YES_AGGRESSIVE;
				CLANG_CXX_LANGUAGE_STANDARD = "gnu++20";
				CLANG_ENABLE_MODULES = YES;
				CLANG_ENABLE_OBJC_ARC = YES;
				CLANG_ENABLE_OBJC_WEAK = YES;
				CLANG_WARN_BLOCK_CAPTURE_AUTORELEASING = YES;
				CLANG_WARN_BOOL_CONVERSION = YES;
				CLANG_WARN_COMMA = YES;
				CLANG_WARN_CONSTANT_CONVERSION = YES;
				CLANG_WARN_DEPRECATED_OBJC_IMPLEMENTATIONS = YES;
				CLANG_WARN_DIRECT_OBJC_ISA_USAGE = YES_ERROR;
				CLANG_WARN_DOCUMENTATION_COMMENTS = YES;
				CLANG_WARN_EMPTY_BODY = YES;
				CLANG_WARN_ENUM_CONVERSION = YES;
				CLANG_WARN_INFINITE_RECURSION = YES;
				CLANG_WARN_INT_CONVERSION = YES;
				CLANG_WARN_NON_LITERAL_NULL_CONVERSION = YES;
				CLANG_WARN_OBJC_IMPLICIT_RETAIN_SELF = YES;
				CLANG_WARN_OBJC_LITERAL_CONVERSION = YES;
				CLANG_WARN_OBJC_ROOT_CLASS = YES_ERROR;
				CLANG_WARN_QUOTED_INCLUDE_IN_FRAMEWORK_HEADER = YES;
				CLANG_WARN_RANGE_LOOP_ANALYSIS = YES;
				CLANG_WARN_STRICT_PROTOTYPES = YES;
				CLANG_WARN_SUSPICIOUS_MOVE = YES;
				CLANG_WARN_UNGUARDED_AVAILABILITY = YES_AGGRESSIVE;
				CLANG_WARN_UNREACHABLE_CODE = YES;
				CLANG_WARN__DUPLICATE_METHOD_MATCH = YES;
				COPY_PHASE_STRIP = NO;
				DEBUG_INFORMATION_FORMAT = "dwarf-with-dsym";
				ENABLE_NS_ASSERTIONS = NO;
				ENABLE_STRICT_OBJC_MSGSEND = YES;
				ENABLE_USER_SCRIPT_SANDBOXING = YES;
				GCC_C_LANGUAGE_STANDARD = gnu17;
				GCC_NO_COMMON_BLOCKS = YES;
				GCC_WARN_64_TO_32_BIT_CONVERSION = YES;
				GCC_WARN_ABOUT_RETURN_TYPE = YES_ERROR;
				GCC_WARN_UNDECLARED_SELECTOR = YES;
				GCC_WARN_UNINITIALIZED_AUTOS = YES_AGGRESSIVE;
				GCC_WARN_UNUSED_FUNCTION = YES;
				GCC_WARN_UNUSED_VARIABLE = YES;
				IPHONEOS_DEPLOYMENT_TARGET = 17.0;
				LOCALIZATION_PREFERS_STRING_CATALOGS = YES;
				MTL_ENABLE_DEBUG_INFO = NO;
				MTL_FAST_MATH = YES;
				SDKROOT = iphoneos;
				SWIFT_COMPILATION_MODE = wholemodule;
				VALIDATE_PRODUCT = YES;
			};
			name = Release;
		};
		5E042A642BBC092500658D9F /* Debug */ = {
			isa = XCBuildConfiguration;
			buildSettings = {
				ASSETCATALOG_COMPILER_APPICON_NAME = AppIcon;
				ASSETCATALOG_COMPILER_GLOBAL_ACCENT_COLOR_NAME = AccentColor;
				CODE_SIGN_STYLE = Automatic;
				CURRENT_PROJECT_VERSION = 1;
				DEVELOPMENT_ASSET_PATHS = "\"eStore/Preview Content\"";
				DEVELOPMENT_TEAM = ZWQ368LVC2;
				ENABLE_PREVIEWS = YES;
				GENERATE_INFOPLIST_FILE = YES;
				INFOPLIST_KEY_UIApplicationSceneManifest_Generation = YES;
				INFOPLIST_KEY_UIApplicationSupportsIndirectInputEvents = YES;
				INFOPLIST_KEY_UILaunchScreen_Generation = YES;
				INFOPLIST_KEY_UISupportedInterfaceOrientations_iPad = "UIInterfaceOrientationPortrait UIInterfaceOrientationPortraitUpsideDown UIInterfaceOrientationLandscapeLeft UIInterfaceOrientationLandscapeRight";
				INFOPLIST_KEY_UISupportedInterfaceOrientations_iPhone = "UIInterfaceOrientationPortrait UIInterfaceOrientationLandscapeLeft UIInterfaceOrientationLandscapeRight";
				LD_RUNPATH_SEARCH_PATHS = (
					"$(inherited)",
					"@executable_path/Frameworks",
				);
				MARKETING_VERSION = 1.0;
				PRODUCT_BUNDLE_IDENTIFIER = com.andirayunita.eStore;
				PRODUCT_NAME = "$(TARGET_NAME)";
				SWIFT_EMIT_LOC_STRINGS = YES;
				SWIFT_VERSION = 5.0;
				TARGETED_DEVICE_FAMILY = "1,2";
			};
			name = Debug;
		};
		5E042A652BBC092500658D9F /* Release */ = {
			isa = XCBuildConfiguration;
			buildSettings = {
				ASSETCATALOG_COMPILER_APPICON_NAME = AppIcon;
				ASSETCATALOG_COMPILER_GLOBAL_ACCENT_COLOR_NAME = AccentColor;
				CODE_SIGN_STYLE = Automatic;
				CURRENT_PROJECT_VERSION = 1;
				DEVELOPMENT_ASSET_PATHS = "\"eStore/Preview Content\"";
				DEVELOPMENT_TEAM = ZWQ368LVC2;
				ENABLE_PREVIEWS = YES;
				GENERATE_INFOPLIST_FILE = YES;
				INFOPLIST_KEY_UIApplicationSceneManifest_Generation = YES;
				INFOPLIST_KEY_UIApplicationSupportsIndirectInputEvents = YES;
				INFOPLIST_KEY_UILaunchScreen_Generation = YES;
				INFOPLIST_KEY_UISupportedInterfaceOrientations_iPad = "UIInterfaceOrientationPortrait UIInterfaceOrientationPortraitUpsideDown UIInterfaceOrientationLandscapeLeft UIInterfaceOrientationLandscapeRight";
				INFOPLIST_KEY_UISupportedInterfaceOrientations_iPhone = "UIInterfaceOrientationPortrait UIInterfaceOrientationLandscapeLeft UIInterfaceOrientationLandscapeRight";
				LD_RUNPATH_SEARCH_PATHS = (
					"$(inherited)",
					"@executable_path/Frameworks",
				);
				MARKETING_VERSION = 1.0;
				PRODUCT_BUNDLE_IDENTIFIER = com.andirayunita.eStore;
				PRODUCT_NAME = "$(TARGET_NAME)";
				SWIFT_EMIT_LOC_STRINGS = YES;
				SWIFT_VERSION = 5.0;
				TARGETED_DEVICE_FAMILY = "1,2";
			};
			name = Release;
		};
/* End XCBuildConfiguration section */

/* Begin XCConfigurationList section */
		5E042A502BBC092300658D9F /* Build configuration list for PBXProject "eStore" */ = {
			isa = XCConfigurationList;
			buildConfigurations = (
				5E042A612BBC092500658D9F /* Debug */,
				5E042A622BBC092500658D9F /* Release */,
			);
			defaultConfigurationIsVisible = 0;
			defaultConfigurationName = Release;
		};
		5E042A632BBC092500658D9F /* Build configuration list for PBXNativeTarget "eStore" */ = {
			isa = XCConfigurationList;
			buildConfigurations = (
				5E042A642BBC092500658D9F /* Debug */,
				5E042A652BBC092500658D9F /* Release */,
			);
			defaultConfigurationIsVisible = 0;
			defaultConfigurationName = Release;
		};
/* End XCConfigurationList section */
	};
	rootObject = 5E042A4D2BBC092300658D9F /* Project object */;
}
